{
    "version": 3,
    "terraform_version": "0.11.7",
    "serial": 11,
    "lineage": "c2520efe-95f3-6f7a-480a-7d9494907b91",
    "modules": [
        {
            "path": [
                "root"
            ],
            "outputs": {
                "account_id": {
                    "sensitive": false,
                    "type": "string",
                    "value": "387291866455"
                },
                "caller_arn": {
                    "sensitive": false,
                    "type": "string",
                    "value": "arn:aws:iam::387291866455:user/jirenz"
                },
                "caller_user": {
                    "sensitive": false,
                    "type": "string",
                    "value": "AIDAJ4UTY77BJGBGN2ARQ"
                },
                "cluster_arn": {
                    "sensitive": false,
                    "type": "string",
                    "value": "arn:aws:eks:us-west-2:387291866455:cluster/cloudrt-cluster"
                },
                "config_map_aws_auth": {
                    "sensitive": false,
                    "type": "string",
                    "value": "\n\napiVersion: v1\nkind: ConfigMap\nmetadata:\n  name: aws-auth\n  namespace: kube-system\ndata:\n  mapRoles: |\n    - rolearn: arn:aws:iam::387291866455:role/terraform-eks-cloudrt-node\n      username: system:node:{{EC2PrivateDNSName}}\n      groups:\n        - system:bootstrappers\n        - system:nodes\n"
                }
            },
            "resources": {
                "aws_autoscaling_group.cloudrt": {
                    "type": "aws_autoscaling_group",
                    "depends_on": [
                        "aws_eks_cluster.cloudrt",
                        "aws_launch_configuration.cloudrt",
                        "aws_subnet.cloudrt.*"
                    ],
                    "primary": {
                        "id": "terraform-eks-cloudrt",
                        "attributes": {
                            "arn": "arn:aws:autoscaling:us-west-2:387291866455:autoScalingGroup:82031177-1430-41f3-92f2-f47bd4cc99cd:autoScalingGroupName/terraform-eks-cloudrt",
                            "availability_zones.#": "2",
                            "availability_zones.221770259": "us-west-2b",
                            "availability_zones.2487133097": "us-west-2a",
                            "default_cooldown": "300",
                            "desired_capacity": "1",
                            "enabled_metrics.#": "0",
                            "force_delete": "false",
                            "health_check_grace_period": "300",
                            "health_check_type": "EC2",
                            "id": "terraform-eks-cloudrt",
                            "launch_configuration": "terraform-eks-cloudrt20181214074055423100000006",
                            "launch_template.#": "0",
                            "load_balancers.#": "0",
                            "max_size": "2",
                            "metrics_granularity": "1Minute",
                            "min_size": "0",
                            "mixed_instances_policy.#": "0",
                            "name": "terraform-eks-cloudrt",
                            "placement_group": "",
                            "protect_from_scale_in": "false",
                            "service_linked_role_arn": "arn:aws:iam::387291866455:role/aws-service-role/autoscaling.amazonaws.com/AWSServiceRoleForAutoScaling",
                            "suspended_processes.#": "0",
                            "tag.#": "4",
                            "tag.1089585732.key": "Name",
                            "tag.1089585732.propagate_at_launch": "true",
                            "tag.1089585732.value": "terraform-eks-cloudrt",
                            "tag.1360568605.key": "kubernetes.io/cluster/cloudrt-cluster",
                            "tag.1360568605.propagate_at_launch": "true",
                            "tag.1360568605.value": "owned",
                            "tag.1431493546.key": "k8s.io/cluster-autoscaler/cloudrt-cluster",
                            "tag.1431493546.propagate_at_launch": "true",
                            "tag.1431493546.value": "1",
                            "tag.2011188426.key": "k8s.io/cluster-autoscaler/enabled",
                            "tag.2011188426.propagate_at_launch": "true",
                            "tag.2011188426.value": "1",
                            "target_group_arns.#": "0",
                            "termination_policies.#": "0",
                            "vpc_zone_identifier.#": "2",
                            "vpc_zone_identifier.3102798404": "subnet-0a4c7138f089aca4c",
                            "vpc_zone_identifier.566989256": "subnet-0c953e7c8be358968",
                            "wait_for_capacity_timeout": "10m"
                        },
                        "meta": {
                            "e2bfb730-ecaa-11e6-8f88-34363bc7c4c0": {
                                "delete": 600000000000
                            }
                        },
                        "tainted": false
                    },
                    "deposed": [],
                    "provider": "provider.aws"
                },
                "aws_eks_cluster.cloudrt": {
                    "type": "aws_eks_cluster",
                    "depends_on": [
                        "aws_iam_role.cloudrt-cluster",
                        "aws_iam_role_policy_attachment.cloudrt-cluster-AmazonEKSClusterPolicy",
                        "aws_iam_role_policy_attachment.cloudrt-cluster-AmazonEKSServicePolicy",
                        "aws_security_group.cloudrt-cluster",
                        "aws_subnet.cloudrt.*"
                    ],
                    "primary": {
                        "id": "cloudrt-cluster",
                        "attributes": {
                            "arn": "arn:aws:eks:us-west-2:387291866455:cluster/cloudrt-cluster",
                            "certificate_authority.#": "1",
                            "certificate_authority.0.data": "LS0tLS1CRUdJTiBDRVJUSUZJQ0FURS0tLS0tCk1JSUN5RENDQWJDZ0F3SUJBZ0lCQURBTkJna3Foa2lHOXcwQkFRc0ZBREFWTVJNd0VRWURWUVFERXdwcmRXSmwKY201bGRHVnpNQjRYRFRFNE1USXhOREEzTXpreE1Wb1hEVEk0TVRJeE1UQTNNemt4TVZvd0ZURVRNQkVHQTFVRQpBeE1LYTNWaVpYSnVaWFJsY3pDQ0FTSXdEUVlKS29aSWh2Y05BUUVCQlFBRGdnRVBBRENDQVFvQ2dnRUJBTWNkClQ5b0g2UWFWdUUxb2RiUGtnRUxhM3J5U3lmbG80MGVyd3N0eVJ5WUhFa1RublpyV2Q4L21TT0M0RXBmZXBVd00KTE5vY0hJVzNhWncyVjB4YmZTVUxFMythbXVUaktROUhIZHk3YWY2ZUpYTkthOVdnYlBPN2hXVUpaRXhpS3JuNQp4d1ozWnRsVWo3ZS9VaVliWjBPNllnbHFyc2pZSm9XVHVuZDZFZzVkRzQ5N2k2a0NoNFkvYXpmQUZobndWR0d0CjVnLyt0a2p5eU9lSU5RaEF6K3dXeUdqWkM0ZTZGb2FYNHRRbTNBUjJmYThsczl1SXpYR3JUK1B4MDQyMjhia3oKZllhZ2NpSC9VT2ZBL3BuV3V1TWJnWWxBSHVmanlkMVQ5RGkwQzMwaHRlelp5aTBpMURUeG52VTJKeDIwT0dSegp3aGJNc3o5czg2U0NGK0wrbnNrQ0F3RUFBYU1qTUNFd0RnWURWUjBQQVFIL0JBUURBZ0trTUE4R0ExVWRFd0VCCi93UUZNQU1CQWY4d0RRWUpLb1pJaHZjTkFRRUxCUUFEZ2dFQkFDOHlFbkhkVER3aklUNDA0TzF4Y3pSTEM1K0sKSitISUVPVktJbGdQNnMxTFB6NVhMamJGZFByQjBHOHEwbkJORCtpdzZTVEtqbGkvemx4T3VKc0d0YWdxYlRzKwp3UGpmWWVCMWtMeDZpV1dpSlZ4Mjc4Z1dackQvQUtyMlppMWR5Unh3NVRTYW51U2FCc3AzZ2RTc3JzeTZKYkJ0CklSTzNsSVNqTS9jTmp1b2JpcmpnZkpLUzkvL2p4QUlqV01Deng3eTdBZUx2ZkhVQXR4SmpneHg4MGlHS0ZBZVQKM3kxOFRqMDhvdStLSGl6UzZibDlEM3BZQTVBMjJDREhreXZTM3I1b1JBZ05keTBwUmJ1NDFnZEZuZk1OSXdsSgo5bnNLM3FiOVovL3hSUUhUeGJTbGhxM1ZoS2NFa2pRcVV5OS9CNFduenM4L2w3NFhudnpSWmtNTVhkZz0KLS0tLS1FTkQgQ0VSVElGSUNBVEUtLS0tLQo=",
                            "created_at": "2018-12-14 07:32:37 +0000 UTC",
                            "endpoint": "https://07D16C53F1785617DBE98200A5EE6E10.sk1.us-west-2.eks.amazonaws.com",
                            "id": "cloudrt-cluster",
                            "name": "cloudrt-cluster",
                            "platform_version": "eks.1",
                            "role_arn": "arn:aws:iam::387291866455:role/terraform-eks-cloudrt-cluster",
                            "version": "1.11",
                            "vpc_config.#": "1",
                            "vpc_config.0.security_group_ids.#": "1",
                            "vpc_config.0.security_group_ids.119111021": "sg-0a6e6e9a2570348d3",
                            "vpc_config.0.subnet_ids.#": "2",
                            "vpc_config.0.subnet_ids.302019538": "subnet-0a4c7138f089aca4c",
                            "vpc_config.0.subnet_ids.4137125818": "subnet-0c953e7c8be358968",
                            "vpc_config.0.vpc_id": "vpc-0862ce36bfc935bb2"
                        },
                        "meta": {
                            "e2bfb730-ecaa-11e6-8f88-34363bc7c4c0": {
                                "create": 900000000000,
                                "delete": 900000000000,
                                "update": 3600000000000
                            }
                        },
                        "tainted": false
                    },
                    "deposed": [],
                    "provider": "provider.aws"
                },
                "aws_iam_instance_profile.cloudrt-node": {
                    "type": "aws_iam_instance_profile",
                    "depends_on": [
                        "aws_iam_role.cloudrt-node"
                    ],
                    "primary": {
                        "id": "terraform-eks-cloudrt",
                        "attributes": {
                            "arn": "arn:aws:iam::387291866455:instance-profile/terraform-eks-cloudrt",
                            "create_date": "2018-12-14T07:32:23Z",
                            "id": "terraform-eks-cloudrt",
                            "name": "terraform-eks-cloudrt",
                            "path": "/",
                            "role": "terraform-eks-cloudrt-node",
                            "roles.#": "1",
                            "roles.321635364": "terraform-eks-cloudrt-node",
                            "unique_id": "AIPAJZPZQLJXWDXVHOY4E"
                        },
                        "meta": {},
                        "tainted": false
                    },
                    "deposed": [],
                    "provider": "provider.aws"
                },
                "aws_iam_policy.cluster-autoscaler": {
                    "type": "aws_iam_policy",
                    "depends_on": [],
                    "primary": {
                        "id": "arn:aws:iam::387291866455:policy/cloudrtEKSClusterAutoScalerPolicy",
                        "attributes": {
                            "arn": "arn:aws:iam::387291866455:policy/cloudrtEKSClusterAutoScalerPolicy",
                            "description": "Allow cluster autoscaler to manage node pool sizes",
                            "id": "arn:aws:iam::387291866455:policy/cloudrtEKSClusterAutoScalerPolicy",
                            "name": "cloudrtEKSClusterAutoScalerPolicy",
                            "path": "/",
                            "policy": "{\n    \"Version\": \"2012-10-17\",\n    \"Statement\": [\n        {\n            \"Effect\": \"Allow\",\n            \"Action\": [\n                \"autoscaling:DescribeAutoScalingGroups\",\n                \"autoscaling:DescribeAutoScalingInstances\",\n                \"autoscaling:DescribeLaunchConfigurations\",\n                \"autoscaling:DescribeTags\",\n                \"autoscaling:SetDesiredCapacity\",\n                \"autoscaling:TerminateInstanceInAutoScalingGroup\"\n            ],\n            \"Resource\": \"*\"\n        }\n    ]\n}\n"
                        },
                        "meta": {},
                        "tainted": false
                    },
                    "deposed": [],
                    "provider": "provider.aws"
                },
                "aws_iam_role.cloudrt-cluster": {
                    "type": "aws_iam_role",
                    "depends_on": [],
                    "primary": {
                        "id": "terraform-eks-cloudrt-cluster",
                        "attributes": {
                            "arn": "arn:aws:iam::387291866455:role/terraform-eks-cloudrt-cluster",
                            "assume_role_policy": "{\"Version\":\"2012-10-17\",\"Statement\":[{\"Effect\":\"Allow\",\"Principal\":{\"Service\":\"eks.amazonaws.com\"},\"Action\":\"sts:AssumeRole\"}]}",
                            "create_date": "2018-12-14T07:32:23Z",
                            "description": "",
                            "force_detach_policies": "false",
                            "id": "terraform-eks-cloudrt-cluster",
                            "max_session_duration": "3600",
                            "name": "terraform-eks-cloudrt-cluster",
                            "path": "/",
                            "tags.%": "0",
                            "unique_id": "AROAJQHC7B2ZADEHICKGW"
                        },
                        "meta": {},
                        "tainted": false
                    },
                    "deposed": [],
                    "provider": "provider.aws"
                },
                "aws_iam_role.cloudrt-node": {
                    "type": "aws_iam_role",
                    "depends_on": [],
                    "primary": {
                        "id": "terraform-eks-cloudrt-node",
                        "attributes": {
                            "arn": "arn:aws:iam::387291866455:role/terraform-eks-cloudrt-node",
                            "assume_role_policy": "{\"Version\":\"2012-10-17\",\"Statement\":[{\"Effect\":\"Allow\",\"Principal\":{\"Service\":\"ec2.amazonaws.com\"},\"Action\":\"sts:AssumeRole\"}]}",
                            "create_date": "2018-12-14T07:32:23Z",
                            "description": "",
                            "force_detach_policies": "false",
                            "id": "terraform-eks-cloudrt-node",
                            "max_session_duration": "3600",
                            "name": "terraform-eks-cloudrt-node",
                            "path": "/",
                            "tags.%": "0",
                            "unique_id": "AROAJET3O5DZ5OD3FFVZK"
                        },
                        "meta": {},
                        "tainted": false
                    },
                    "deposed": [],
                    "provider": "provider.aws"
                },
                "aws_iam_role_policy_attachment.cloudrt-cluster-AmazonEKSClusterPolicy": {
                    "type": "aws_iam_role_policy_attachment",
                    "depends_on": [
                        "aws_iam_role.cloudrt-cluster"
                    ],
                    "primary": {
                        "id": "terraform-eks-cloudrt-cluster-20181214073223946800000002",
                        "attributes": {
                            "id": "terraform-eks-cloudrt-cluster-20181214073223946800000002",
                            "policy_arn": "arn:aws:iam::aws:policy/AmazonEKSClusterPolicy",
                            "role": "terraform-eks-cloudrt-cluster"
                        },
                        "meta": {},
                        "tainted": false
                    },
                    "deposed": [],
                    "provider": "provider.aws"
                },
                "aws_iam_role_policy_attachment.cloudrt-cluster-AmazonEKSServicePolicy": {
                    "type": "aws_iam_role_policy_attachment",
                    "depends_on": [
                        "aws_iam_role.cloudrt-cluster"
                    ],
                    "primary": {
                        "id": "terraform-eks-cloudrt-cluster-20181214073223924900000001",
                        "attributes": {
                            "id": "terraform-eks-cloudrt-cluster-20181214073223924900000001",
                            "policy_arn": "arn:aws:iam::aws:policy/AmazonEKSServicePolicy",
                            "role": "terraform-eks-cloudrt-cluster"
                        },
                        "meta": {},
                        "tainted": false
                    },
                    "deposed": [],
                    "provider": "provider.aws"
                },
                "aws_iam_role_policy_attachment.cloudrt-node-AmazonEC2ContainerRegistryReadOnly": {
                    "type": "aws_iam_role_policy_attachment",
                    "depends_on": [
                        "aws_iam_role.cloudrt-node"
                    ],
                    "primary": {
                        "id": "terraform-eks-cloudrt-node-20181214073224014900000005",
                        "attributes": {
                            "id": "terraform-eks-cloudrt-node-20181214073224014900000005",
                            "policy_arn": "arn:aws:iam::aws:policy/AmazonEC2ContainerRegistryReadOnly",
                            "role": "terraform-eks-cloudrt-node"
                        },
                        "meta": {},
                        "tainted": false
                    },
                    "deposed": [],
                    "provider": "provider.aws"
                },
                "aws_iam_role_policy_attachment.cloudrt-node-AmazonEKSWorkerNodePolicy": {
                    "type": "aws_iam_role_policy_attachment",
                    "depends_on": [
                        "aws_iam_role.cloudrt-node"
                    ],
                    "primary": {
                        "id": "terraform-eks-cloudrt-node-20181214073223975200000003",
                        "attributes": {
                            "id": "terraform-eks-cloudrt-node-20181214073223975200000003",
                            "policy_arn": "arn:aws:iam::aws:policy/AmazonEKSWorkerNodePolicy",
                            "role": "terraform-eks-cloudrt-node"
                        },
                        "meta": {},
                        "tainted": false
                    },
                    "deposed": [],
                    "provider": "provider.aws"
                },
                "aws_iam_role_policy_attachment.cloudrt-node-AmazonEKS_CNI_Policy": {
                    "type": "aws_iam_role_policy_attachment",
                    "depends_on": [
                        "aws_iam_role.cloudrt-node"
                    ],
                    "primary": {
                        "id": "terraform-eks-cloudrt-node-20181214073223982000000004",
                        "attributes": {
                            "id": "terraform-eks-cloudrt-node-20181214073223982000000004",
                            "policy_arn": "arn:aws:iam::aws:policy/AmazonEKS_CNI_Policy",
                            "role": "terraform-eks-cloudrt-node"
                        },
                        "meta": {},
                        "tainted": false
                    },
                    "deposed": [],
                    "provider": "provider.aws"
                },
                "aws_iam_role_policy_attachment.cloudrt-node-cloudrtEKSClusterAutoScalerPolicy": {
                    "type": "aws_iam_role_policy_attachment",
                    "depends_on": [
                        "aws_iam_policy.cluster-autoscaler",
                        "aws_iam_role.cloudrt-node"
                    ],
                    "primary": {
                        "id": "terraform-eks-cloudrt-node-20181214081846445600000001",
                        "attributes": {
                            "id": "terraform-eks-cloudrt-node-20181214081846445600000001",
                            "policy_arn": "arn:aws:iam::387291866455:policy/cloudrtEKSClusterAutoScalerPolicy",
                            "role": "terraform-eks-cloudrt-node"
                        },
                        "meta": {},
                        "tainted": false
                    },
                    "deposed": [],
                    "provider": "provider.aws"
                },
                "aws_internet_gateway.cloudrt": {
                    "type": "aws_internet_gateway",
                    "depends_on": [
                        "aws_vpc.cloudrt"
                    ],
                    "primary": {
                        "id": "igw-0b8190f75d0dd6bf6",
                        "attributes": {
                            "id": "igw-0b8190f75d0dd6bf6",
                            "owner_id": "387291866455",
                            "tags.%": "1",
                            "tags.Name": "terraform-eks-cloudrt",
                            "vpc_id": "vpc-0862ce36bfc935bb2"
                        },
                        "meta": {},
                        "tainted": false
                    },
                    "deposed": [],
                    "provider": "provider.aws"
                },
                "aws_launch_configuration.cloudrt": {
                    "type": "aws_launch_configuration",
                    "depends_on": [
                        "aws_iam_instance_profile.cloudrt-node",
                        "aws_security_group.cloudrt-node",
                        "data.aws_ami.eks-worker",
                        "local.cloudrt-node-userdata"
                    ],
                    "primary": {
                        "id": "terraform-eks-cloudrt20181214074055423100000006",
                        "attributes": {
                            "associate_public_ip_address": "true",
                            "ebs_block_device.#": "0",
                            "ebs_optimized": "false",
                            "enable_monitoring": "true",
                            "ephemeral_block_device.#": "0",
                            "iam_instance_profile": "terraform-eks-cloudrt",
                            "id": "terraform-eks-cloudrt20181214074055423100000006",
                            "image_id": "ami-0f54a2f7d2e9c88b3",
                            "instance_type": "m4.large",
                            "key_name": "",
                            "name": "terraform-eks-cloudrt20181214074055423100000006",
                            "name_prefix": "terraform-eks-cloudrt",
                            "root_block_device.#": "0",
                            "security_groups.#": "1",
                            "security_groups.4148714532": "sg-018ebbbafa4d362fe",
                            "spot_price": "",
                            "user_data_base64": "IyEvYmluL2Jhc2gKc2V0IC1vIHh0cmFjZQovZXRjL2Vrcy9ib290c3RyYXAuc2ggLS1hcGlzZXJ2ZXItZW5kcG9pbnQgJ2h0dHBzOi8vMDdEMTZDNTNGMTc4NTYxN0RCRTk4MjAwQTVFRTZFMTAuc2sxLnVzLXdlc3QtMi5la3MuYW1hem9uYXdzLmNvbScgLS1iNjQtY2x1c3Rlci1jYSAnTFMwdExTMUNSVWRKVGlCRFJWSlVTVVpKUTBGVVJTMHRMUzB0Q2sxSlNVTjVSRU5EUVdKRFowRjNTVUpCWjBsQ1FVUkJUa0puYTNGb2EybEhPWGN3UWtGUmMwWkJSRUZXVFZKTmQwVlJXVVJXVVZGRVJYZHdjbVJYU213S1kyMDFiR1JIVm5wTlFqUllSRlJGTkUxVVNYaE9SRUV6VFhwcmVFMVdiMWhFVkVrMFRWUkplRTFVUVROTmVtdDRUVlp2ZDBaVVJWUk5Ra1ZIUVRGVlJRcEJlRTFMWVROV2FWcFlTblZhV0ZKc1kzcERRMEZUU1hkRVVWbEtTMjlhU1doMlkwNUJVVVZDUWxGQlJHZG5SVkJCUkVORFFWRnZRMmRuUlVKQlRXTmtDbFE1YjBnMlVXRldkVVV4YjJSaVVHdG5SVXhoTTNKNVUzbG1iRzgwTUdWeWQzTjBlVko1V1VoRmExUnVibHB5VjJRNEwyMVRUME0wUlhCbVpYQlZkMDBLVEU1dlkwaEpWek5oV25jeVZqQjRZbVpUVlV4Rk15dGhiWFZVYWt0Uk9VaElaSGszWVdZMlpVcFlUa3RoT1ZkbllsQlBOMmhYVlVwYVJYaHBTM0p1TlFwNGQxb3pXblJzVldvM1pTOVZhVmxpV2pCUE5sbG5iSEZ5YzJwWlNtOVhWSFZ1WkRaRlp6VmtSelE1TjJrMmEwTm9ORmt2WVhwbVFVWm9ibmRXUjBkMENqVm5MeXQwYTJwNWVVOWxTVTVSYUVGNkszZFhlVWRxV2tNMFpUWkdiMkZZTkhSUmJUTkJVakptWVRoc2N6bDFTWHBZUjNKVUsxQjRNRFF5TWpoaWEzb0tabGxoWjJOcFNDOVZUMlpCTDNCdVYzVjFUV0puV1d4QlNIVm1hbmxrTVZRNVJHa3dRek13YUhSbGVscDVhVEJwTVVSVWVHNTJWVEpLZURJd1QwZFNlZ3AzYUdKTmMzbzVjemcyVTBOR0swd3Jibk5yUTBGM1JVRkJZVTFxVFVORmQwUm5XVVJXVWpCUVFWRklMMEpCVVVSQlowdHJUVUU0UjBFeFZXUkZkMFZDQ2k5M1VVWk5RVTFDUVdZNGQwUlJXVXBMYjFwSmFIWmpUa0ZSUlV4Q1VVRkVaMmRGUWtGRE9IbEZia2hrVkVSM2FrbFVOREEwVHpGNFkzcFNURU0xSzBzS1NpdElTVVZQVmt0SmJHZFFObk14VEZCNk5WaE1hbUpHWkZCeVFqQkhPSEV3YmtKT1JDdHBkelpUVkV0cWJHa3ZlbXg0VDNWS2MwZDBZV2R4WWxSekt3cDNVR3BtV1dWQ01XdE1lRFpwVjFkcFNsWjRNamM0WjFkYWNrUXZRVXR5TWxwcE1XUjVVbmgzTlZSVFlXNTFVMkZDYzNBeloyUlRjM0p6ZVRaS1lrSjBDa2xTVHpOc1NWTnFUUzlqVG1wMWIySnBjbXBuWmtwTFV6a3ZMMnA0UVVscVYwMURlbmczZVRkQlpVeDJaa2hWUVhSNFNtcG5lSGc0TUdsSFMwWkJaVlFLTTNreE9GUnFNRGh2ZFN0TFNHbDZVelppYkRsRU0zQlpRVFZCTWpKRFJFaHJlWFpUTTNJMWIxSkJaMDVrZVRCd1VtSjFOREZuWkVadVprMU9TWGRzU2dvNWJuTkxNM0ZpT1ZvdkwzaFNVVWhVZUdKVGJHaHhNMVpvUzJORmEycFJjVlY1T1M5Q05GZHVlbk00TDJ3M05GaHVkbnBTV210TlRWaGtaejBLTFMwdExTMUZUa1FnUTBWU1ZFbEdTVU5CVkVVdExTMHRMUW89JyAnY2xvdWRydC1jbHVzdGVyJwo=",
                            "vpc_classic_link_id": "",
                            "vpc_classic_link_security_groups.#": "0"
                        },
                        "meta": {},
                        "tainted": false
                    },
                    "deposed": [],
                    "provider": "provider.aws"
                },
                "aws_route_table.cloudrt": {
                    "type": "aws_route_table",
                    "depends_on": [
                        "aws_internet_gateway.cloudrt",
                        "aws_vpc.cloudrt"
                    ],
                    "primary": {
                        "id": "rtb-01462328035db6411",
                        "attributes": {
                            "id": "rtb-01462328035db6411",
                            "owner_id": "387291866455",
                            "propagating_vgws.#": "0",
                            "route.#": "1",
                            "route.2951048078.cidr_block": "0.0.0.0/0",
                            "route.2951048078.egress_only_gateway_id": "",
                            "route.2951048078.gateway_id": "igw-0b8190f75d0dd6bf6",
                            "route.2951048078.instance_id": "",
                            "route.2951048078.ipv6_cidr_block": "",
                            "route.2951048078.nat_gateway_id": "",
                            "route.2951048078.network_interface_id": "",
                            "route.2951048078.transit_gateway_id": "",
                            "route.2951048078.vpc_peering_connection_id": "",
                            "tags.%": "0",
                            "vpc_id": "vpc-0862ce36bfc935bb2"
                        },
                        "meta": {},
                        "tainted": false
                    },
                    "deposed": [],
                    "provider": "provider.aws"
                },
                "aws_route_table_association.cloudrt.0": {
                    "type": "aws_route_table_association",
                    "depends_on": [
                        "aws_route_table.cloudrt",
                        "aws_subnet.cloudrt.*"
                    ],
                    "primary": {
                        "id": "rtbassoc-0d695bc7cd80b1067",
                        "attributes": {
                            "id": "rtbassoc-0d695bc7cd80b1067",
                            "route_table_id": "rtb-01462328035db6411",
                            "subnet_id": "subnet-0a4c7138f089aca4c"
                        },
                        "meta": {},
                        "tainted": false
                    },
                    "deposed": [],
                    "provider": "provider.aws"
                },
                "aws_route_table_association.cloudrt.1": {
                    "type": "aws_route_table_association",
                    "depends_on": [
                        "aws_route_table.cloudrt",
                        "aws_subnet.cloudrt.*"
                    ],
                    "primary": {
                        "id": "rtbassoc-0d1126a9efb5253ce",
                        "attributes": {
                            "id": "rtbassoc-0d1126a9efb5253ce",
                            "route_table_id": "rtb-01462328035db6411",
                            "subnet_id": "subnet-0c953e7c8be358968"
                        },
                        "meta": {},
                        "tainted": false
                    },
                    "deposed": [],
                    "provider": "provider.aws"
                },
                "aws_security_group.cloudrt-cluster": {
                    "type": "aws_security_group",
                    "depends_on": [
                        "aws_vpc.cloudrt"
                    ],
                    "primary": {
                        "id": "sg-0a6e6e9a2570348d3",
                        "attributes": {
                            "arn": "arn:aws:ec2:us-west-2:387291866455:security-group/sg-0a6e6e9a2570348d3",
                            "description": "Cluster communication with worker nodes",
                            "egress.#": "1",
                            "egress.482069346.cidr_blocks.#": "1",
                            "egress.482069346.cidr_blocks.0": "0.0.0.0/0",
                            "egress.482069346.description": "",
                            "egress.482069346.from_port": "0",
                            "egress.482069346.ipv6_cidr_blocks.#": "0",
                            "egress.482069346.prefix_list_ids.#": "0",
                            "egress.482069346.protocol": "-1",
                            "egress.482069346.security_groups.#": "0",
                            "egress.482069346.self": "false",
                            "egress.482069346.to_port": "0",
                            "id": "sg-0a6e6e9a2570348d3",
                            "ingress.#": "1",
                            "ingress.2592809541.cidr_blocks.#": "0",
                            "ingress.2592809541.description": "Allow pods to communicate with the cluster API Server",
                            "ingress.2592809541.from_port": "443",
                            "ingress.2592809541.ipv6_cidr_blocks.#": "0",
                            "ingress.2592809541.prefix_list_ids.#": "0",
                            "ingress.2592809541.protocol": "tcp",
                            "ingress.2592809541.security_groups.#": "1",
                            "ingress.2592809541.security_groups.4148714532": "sg-018ebbbafa4d362fe",
                            "ingress.2592809541.self": "false",
                            "ingress.2592809541.to_port": "443",
                            "name": "terraform-eks-cloudrt-cluster",
                            "owner_id": "387291866455",
                            "revoke_rules_on_delete": "false",
                            "tags.%": "1",
                            "tags.Name": "terraform-eks-cloudrt",
                            "vpc_id": "vpc-0862ce36bfc935bb2"
                        },
                        "meta": {
                            "e2bfb730-ecaa-11e6-8f88-34363bc7c4c0": {
                                "create": 600000000000,
                                "delete": 600000000000
                            },
                            "schema_version": "1"
                        },
                        "tainted": false
                    },
                    "deposed": [],
                    "provider": "provider.aws"
                },
                "aws_security_group.cloudrt-node": {
                    "type": "aws_security_group",
                    "depends_on": [
                        "aws_vpc.cloudrt"
                    ],
                    "primary": {
                        "id": "sg-018ebbbafa4d362fe",
                        "attributes": {
                            "arn": "arn:aws:ec2:us-west-2:387291866455:security-group/sg-018ebbbafa4d362fe",
                            "description": "Security group for all nodes in the cluster",
                            "egress.#": "1",
                            "egress.482069346.cidr_blocks.#": "1",
                            "egress.482069346.cidr_blocks.0": "0.0.0.0/0",
                            "egress.482069346.description": "",
                            "egress.482069346.from_port": "0",
                            "egress.482069346.ipv6_cidr_blocks.#": "0",
                            "egress.482069346.prefix_list_ids.#": "0",
                            "egress.482069346.protocol": "-1",
                            "egress.482069346.security_groups.#": "0",
                            "egress.482069346.self": "false",
                            "egress.482069346.to_port": "0",
                            "id": "sg-018ebbbafa4d362fe",
                            "ingress.#": "2",
                            "ingress.2278689831.cidr_blocks.#": "0",
                            "ingress.2278689831.description": "Allow node to communicate with each other",
                            "ingress.2278689831.from_port": "0",
                            "ingress.2278689831.ipv6_cidr_blocks.#": "0",
                            "ingress.2278689831.prefix_list_ids.#": "0",
                            "ingress.2278689831.protocol": "-1",
                            "ingress.2278689831.security_groups.#": "0",
                            "ingress.2278689831.self": "true",
                            "ingress.2278689831.to_port": "0",
                            "ingress.2321319574.cidr_blocks.#": "0",
                            "ingress.2321319574.description": "Allow worker Kubelets and pods to receive communication from the cluster control plane",
                            "ingress.2321319574.from_port": "1025",
                            "ingress.2321319574.ipv6_cidr_blocks.#": "0",
                            "ingress.2321319574.prefix_list_ids.#": "0",
                            "ingress.2321319574.protocol": "tcp",
                            "ingress.2321319574.security_groups.#": "1",
                            "ingress.2321319574.security_groups.2077426713": "sg-0a6e6e9a2570348d3",
                            "ingress.2321319574.self": "false",
                            "ingress.2321319574.to_port": "65535",
                            "name": "terraform-eks-cloudrt-node",
                            "owner_id": "387291866455",
                            "revoke_rules_on_delete": "false",
                            "tags.%": "2",
                            "tags.Name": "terraform-eks-cloudrt-node",
                            "tags.kubernetes.io/cluster/cloudrt-cluster": "owned",
                            "vpc_id": "vpc-0862ce36bfc935bb2"
                        },
                        "meta": {
                            "e2bfb730-ecaa-11e6-8f88-34363bc7c4c0": {
                                "create": 600000000000,
                                "delete": 600000000000
                            },
                            "schema_version": "1"
                        },
                        "tainted": false
                    },
                    "deposed": [],
                    "provider": "provider.aws"
                },
                "aws_security_group_rule.cloudrt-cluster-ingress-node-https": {
                    "type": "aws_security_group_rule",
                    "depends_on": [
                        "aws_security_group.cloudrt-cluster",
                        "aws_security_group.cloudrt-node"
                    ],
                    "primary": {
                        "id": "sgrule-363981006",
                        "attributes": {
                            "cidr_blocks.#": "0",
                            "description": "Allow pods to communicate with the cluster API Server",
                            "from_port": "443",
                            "id": "sgrule-363981006",
                            "ipv6_cidr_blocks.#": "0",
                            "prefix_list_ids.#": "0",
                            "protocol": "tcp",
                            "security_group_id": "sg-0a6e6e9a2570348d3",
                            "self": "false",
                            "source_security_group_id": "sg-018ebbbafa4d362fe",
                            "to_port": "443",
                            "type": "ingress"
                        },
                        "meta": {
                            "schema_version": "2"
                        },
                        "tainted": false
                    },
                    "deposed": [],
                    "provider": "provider.aws"
                },
                "aws_security_group_rule.cloudrt-node-ingress-cluster": {
                    "type": "aws_security_group_rule",
                    "depends_on": [
                        "aws_security_group.cloudrt-cluster",
                        "aws_security_group.cloudrt-node"
                    ],
                    "primary": {
                        "id": "sgrule-3513074503",
                        "attributes": {
                            "cidr_blocks.#": "0",
                            "description": "Allow worker Kubelets and pods to receive communication from the cluster control plane",
                            "from_port": "1025",
                            "id": "sgrule-3513074503",
                            "ipv6_cidr_blocks.#": "0",
                            "prefix_list_ids.#": "0",
                            "protocol": "tcp",
                            "security_group_id": "sg-018ebbbafa4d362fe",
                            "self": "false",
                            "source_security_group_id": "sg-0a6e6e9a2570348d3",
                            "to_port": "65535",
                            "type": "ingress"
                        },
                        "meta": {
                            "schema_version": "2"
                        },
                        "tainted": false
                    },
                    "deposed": [],
                    "provider": "provider.aws"
                },
                "aws_security_group_rule.cloudrt-node-ingress-self": {
                    "type": "aws_security_group_rule",
                    "depends_on": [
                        "aws_security_group.cloudrt-node"
                    ],
                    "primary": {
                        "id": "sgrule-539599026",
                        "attributes": {
                            "cidr_blocks.#": "0",
                            "description": "Allow node to communicate with each other",
                            "from_port": "0",
                            "id": "sgrule-539599026",
                            "ipv6_cidr_blocks.#": "0",
                            "prefix_list_ids.#": "0",
                            "protocol": "-1",
                            "security_group_id": "sg-018ebbbafa4d362fe",
                            "self": "false",
                            "source_security_group_id": "sg-018ebbbafa4d362fe",
                            "to_port": "0",
                            "type": "ingress"
                        },
                        "meta": {
                            "schema_version": "2"
                        },
                        "tainted": false
                    },
                    "deposed": [],
                    "provider": "provider.aws"
                },
                "aws_subnet.cloudrt.0": {
                    "type": "aws_subnet",
                    "depends_on": [
                        "aws_vpc.cloudrt",
                        "data.aws_availability_zones.available"
                    ],
                    "primary": {
                        "id": "subnet-0a4c7138f089aca4c",
                        "attributes": {
                            "arn": "arn:aws:ec2:us-west-2:387291866455:subnet/subnet-0a4c7138f089aca4c",
                            "assign_ipv6_address_on_creation": "false",
                            "availability_zone": "us-west-2a",
                            "availability_zone_id": "usw2-az2",
                            "cidr_block": "10.0.0.0/24",
                            "id": "subnet-0a4c7138f089aca4c",
                            "ipv6_cidr_block": "",
                            "ipv6_cidr_block_association_id": "",
                            "map_public_ip_on_launch": "false",
                            "owner_id": "387291866455",
                            "tags.%": "2",
                            "tags.Name": "cloudrt-node",
                            "tags.kubernetes.io/cluster/cloudrt-cluster": "shared",
                            "vpc_id": "vpc-0862ce36bfc935bb2"
                        },
                        "meta": {
                            "e2bfb730-ecaa-11e6-8f88-34363bc7c4c0": {
                                "create": 600000000000,
                                "delete": 600000000000
                            },
                            "schema_version": "1"
                        },
                        "tainted": false
                    },
                    "deposed": [],
                    "provider": "provider.aws"
                },
                "aws_subnet.cloudrt.1": {
                    "type": "aws_subnet",
                    "depends_on": [
                        "aws_vpc.cloudrt",
                        "data.aws_availability_zones.available"
                    ],
                    "primary": {
                        "id": "subnet-0c953e7c8be358968",
                        "attributes": {
                            "arn": "arn:aws:ec2:us-west-2:387291866455:subnet/subnet-0c953e7c8be358968",
                            "assign_ipv6_address_on_creation": "false",
                            "availability_zone": "us-west-2b",
                            "availability_zone_id": "usw2-az1",
                            "cidr_block": "10.0.1.0/24",
                            "id": "subnet-0c953e7c8be358968",
                            "ipv6_cidr_block": "",
                            "ipv6_cidr_block_association_id": "",
                            "map_public_ip_on_launch": "false",
                            "owner_id": "387291866455",
                            "tags.%": "2",
                            "tags.Name": "cloudrt-node",
                            "tags.kubernetes.io/cluster/cloudrt-cluster": "shared",
                            "vpc_id": "vpc-0862ce36bfc935bb2"
                        },
                        "meta": {
                            "e2bfb730-ecaa-11e6-8f88-34363bc7c4c0": {
                                "create": 600000000000,
                                "delete": 600000000000
                            },
                            "schema_version": "1"
                        },
                        "tainted": false
                    },
                    "deposed": [],
                    "provider": "provider.aws"
                },
                "aws_vpc.cloudrt": {
                    "type": "aws_vpc",
                    "depends_on": [],
                    "primary": {
                        "id": "vpc-0862ce36bfc935bb2",
                        "attributes": {
                            "arn": "arn:aws:ec2:us-west-2:387291866455:vpc/vpc-0862ce36bfc935bb2",
                            "assign_generated_ipv6_cidr_block": "false",
                            "cidr_block": "10.0.0.0/16",
                            "default_network_acl_id": "acl-00b757fcf5a2712c9",
                            "default_route_table_id": "rtb-06ea5b9ac16d71e60",
                            "default_security_group_id": "sg-04931dfaca1593582",
                            "dhcp_options_id": "dopt-1c752279",
                            "enable_classiclink": "false",
                            "enable_classiclink_dns_support": "false",
                            "enable_dns_hostnames": "false",
                            "enable_dns_support": "true",
                            "id": "vpc-0862ce36bfc935bb2",
                            "instance_tenancy": "default",
                            "ipv6_association_id": "",
                            "ipv6_cidr_block": "",
                            "main_route_table_id": "rtb-06ea5b9ac16d71e60",
                            "owner_id": "387291866455",
                            "tags.%": "2",
                            "tags.Name": "cloudrt-node",
                            "tags.kubernetes.io/cluster/cloudrt-cluster": "shared"
                        },
                        "meta": {
                            "schema_version": "1"
                        },
                        "tainted": false
                    },
                    "deposed": [],
                    "provider": "provider.aws"
                },
                "data.aws_ami.eks-worker": {
                    "type": "aws_ami",
                    "depends_on": [],
                    "primary": {
                        "id": "ami-0f54a2f7d2e9c88b3",
                        "attributes": {
                            "architecture": "x86_64",
                            "block_device_mappings.#": "1",
                            "block_device_mappings.3798922657.device_name": "/dev/xvda",
                            "block_device_mappings.3798922657.ebs.%": "6",
                            "block_device_mappings.3798922657.ebs.delete_on_termination": "true",
                            "block_device_mappings.3798922657.ebs.encrypted": "false",
                            "block_device_mappings.3798922657.ebs.iops": "0",
                            "block_device_mappings.3798922657.ebs.snapshot_id": "snap-0b0fcd300478c9b2c",
                            "block_device_mappings.3798922657.ebs.volume_size": "20",
                            "block_device_mappings.3798922657.ebs.volume_type": "gp2",
                            "block_device_mappings.3798922657.no_device": "",
                            "block_device_mappings.3798922657.virtual_name": "",
                            "creation_date": "2018-10-23T20:47:02.000Z",
                            "description": "EKS Kubernetes Worker AMI with AmazonLinux2 image",
                            "filter.#": "1",
                            "filter.249857641.name": "name",
                            "filter.249857641.values.#": "1",
                            "filter.249857641.values.0": "amazon-eks-node-v*",
                            "hypervisor": "xen",
                            "id": "ami-0f54a2f7d2e9c88b3",
                            "image_id": "ami-0f54a2f7d2e9c88b3",
                            "image_location": "602401143452/amazon-eks-node-v25",
                            "image_type": "machine",
                            "most_recent": "true",
                            "name": "amazon-eks-node-v25",
                            "owner_id": "602401143452",
                            "owners.#": "1",
                            "owners.0": "602401143452",
                            "product_codes.#": "0",
                            "public": "true",
                            "root_device_name": "/dev/xvda",
                            "root_device_type": "ebs",
                            "root_snapshot_id": "snap-0b0fcd300478c9b2c",
                            "sriov_net_support": "simple",
                            "state": "available",
                            "state_reason.%": "2",
                            "state_reason.code": "UNSET",
                            "state_reason.message": "UNSET",
                            "tags.%": "0",
                            "virtualization_type": "hvm"
                        },
                        "meta": {},
                        "tainted": false
                    },
                    "deposed": [],
                    "provider": "provider.aws"
                },
                "data.aws_availability_zones.available": {
                    "type": "aws_availability_zones",
                    "depends_on": [],
                    "primary": {
                        "id": "2018-12-14 09:02:27.11241 +0000 UTC",
                        "attributes": {
                            "id": "2018-12-14 09:02:27.11241 +0000 UTC",
                            "names.#": "3",
                            "names.0": "us-west-2a",
                            "names.1": "us-west-2b",
                            "names.2": "us-west-2c",
                            "zone_ids.#": "3",
                            "zone_ids.0": "usw2-az2",
                            "zone_ids.1": "usw2-az1",
                            "zone_ids.2": "usw2-az3"
                        },
                        "meta": {},
                        "tainted": false
                    },
                    "deposed": [],
                    "provider": "provider.aws"
                },
                "data.aws_caller_identity.current": {
                    "type": "aws_caller_identity",
                    "depends_on": [],
                    "primary": {
                        "id": "2018-12-14 09:02:27.373817 +0000 UTC",
                        "attributes": {
                            "account_id": "387291866455",
                            "arn": "arn:aws:iam::387291866455:user/jirenz",
                            "id": "2018-12-14 09:02:27.373817 +0000 UTC",
                            "user_id": "AIDAJ4UTY77BJGBGN2ARQ"
                        },
                        "meta": {},
                        "tainted": false
                    },
                    "deposed": [],
                    "provider": "provider.aws"
                },
                "data.aws_region.current": {
                    "type": "aws_region",
                    "depends_on": [],
                    "primary": {
                        "id": "us-west-2",
                        "attributes": {
                            "current": "true",
                            "description": "US West (Oregon)",
                            "endpoint": "ec2.us-west-2.amazonaws.com",
                            "id": "us-west-2",
                            "name": "us-west-2"
                        },
                        "meta": {},
                        "tainted": false
                    },
                    "deposed": [],
                    "provider": "provider.aws"
                }
            },
            "depends_on": []
        }
    ]
}
